
Microsoft Visual Studio Solution File, Format Version 12.00
# Visual Studio Version 17
VisualStudioVersion = 17.8.34309.116
MinimumVisualStudioVersion = 10.0.40219.1
Project("{FAE04EC0-301F-11D3-BF4B-00C04F79EFBC}") = "AutomatManager", "AutomatManager\AutomatManager.csproj", "{B6F02A26-FFA6-4980-B15A-1C9CC8143BEA}"
EndProject
Project("{FAE04EC0-301F-11D3-BF4B-00C04F79EFBC}") = "UserScene", "UserScene\UserScene.csproj", "{1C0CE698-F60F-4F18-8FE9-1DE0E035A0EF}"
EndProject
Global
	GlobalSection(SolutionConfigurationPlatforms) = preSolution
		Debug|Any CPU = Debug|Any CPU
		Release|Any CPU = Release|Any CPU
	EndGlobalSection
	GlobalSection(ProjectConfigurationPlatforms) = postSolution
		{B6F02A26-FFA6-4980-B15A-1C9CC8143BEA}.Debug|Any CPU.ActiveCfg = Debug|Any CPU
		{B6F02A26-FFA6-4980-B15A-1C9CC8143BEA}.Debug|Any CPU.Build.0 = Debug|Any CPU
		{B6F02A26-FFA6-4980-B15A-1C9CC8143BEA}.Release|Any CPU.ActiveCfg = Release|Any CPU
		{B6F02A26-FFA6-4980-B15A-1C9CC8143BEA}.Release|Any CPU.Build.0 = Release|Any CPU
		{1C0CE698-F60F-4F18-8FE9-1DE0E035A0EF}.Debug|Any CPU.ActiveCfg = Debug|Any CPU
		{1C0CE698-F60F-4F18-8FE9-1DE0E035A0EF}.Debug|Any CPU.Build.0 = Debug|Any CPU
		{1C0CE698-F60F-4F18-8FE9-1DE0E035A0EF}.Release|Any CPU.ActiveCfg = Release|Any CPU
		{1C0CE698-F60F-4F18-8FE9-1DE0E035A0EF}.Release|Any CPU.Build.0 = Release|Any CPU
	EndGlobalSection
	GlobalSection(SolutionProperties) = preSolution
		HideSolutionNode = FALSE
	EndGlobalSection
	GlobalSection(ExtensibilityGlobals) = postSolution
		SolutionGuid = {74BAFD9F-22EF-442D-A153-2EB22E0AA55C}
	EndGlobalSection
EndGlobal
